
Microsoft Visual Studio Solution File, Format Version 12.00
# Visual Studio Version 17
VisualStudioVersion = 17.8.34408.163
MinimumVisualStudioVersion = 10.0.40219.1
Project("{FAE04EC0-301F-11D3-BF4B-00C04F79EFBC}") = "EXTERNAL CLICK UI", "EXTERNAL CLICK UI.csproj", "{7F0059A7-C098-489A-A244-9ADA06DF8033}"
EndProject
Global
	GlobalSection(SolutionConfigurationPlatforms) = preSolution
		Debug|Any CPU = Debug|Any CPU
		Release|Any CPU = Release|Any CPU
	EndGlobalSection
	GlobalSection(ProjectConfigurationPlatforms) = postSolution
		{7F0059A7-C098-489A-A244-9ADA06DF8033}.Debug|Any CPU.ActiveCfg = Debug|Any CPU
		{7F0059A7-C098-489A-A244-9ADA06DF8033}.Debug|Any CPU.Build.0 = Debug|Any CPU
		{7F0059A7-C098-489A-A244-9ADA06DF8033}.Release|Any CPU.ActiveCfg = Release|Any CPU
		{7F0059A7-C098-489A-A244-9ADA06DF8033}.Release|Any CPU.Build.0 = Release|Any CPU
	EndGlobalSection
	GlobalSection(SolutionProperties) = preSolution
		HideSolutionNode = FALSE
	EndGlobalSection
	GlobalSection(ExtensibilityGlobals) = postSolution
		SolutionGuid = {568C0F14-25AE-48A6-93DF-30A0D322C283}
	EndGlobalSection
EndGlobal
